{
  "name": "consumer",
  "version": "1.0.0",
  "lockfileVersion": 2,
  "requires": true,
  "packages": {
    "": {
      "name": "consumer",
      "version": "1.0.0",
      "license": "ISC",
      "dependencies": {
        "@types/node": "^18.8.5",
        "kafkajs": "^2.2.1",
        "typescript": "^4.8.4"
      }
    },
    "node_modules/@types/node": {
      "version": "18.8.5",
      "resolved": "https://registry.npmjs.org/@types/node/-/node-18.8.5.tgz",
      "integrity": "sha512-Bq7G3AErwe5A/Zki5fdD3O6+0zDChhg671NfPjtIcbtzDNZTv4NPKMRFr7gtYPG7y+B8uTiNK4Ngd9T0FTar6Q=="
    },
    "node_modules/kafkajs": {
      "version": "2.2.1",
      "resolved": "https://registry.npmjs.org/kafkajs/-/kafkajs-2.2.1.tgz",
      "integrity": "sha512-f3a4TDeBx0TMIqAnSob64lE4oMOSFDjoycOHzyxISpOzPw5GT2AyX6ibfyUPpt5nTxwGkJSFRxPpidNTd/Uz9Q==",
      "engines": {
        "node": ">=14.0.0"
      }
    },
    "node_modules/typescript": {
      "version": "4.8.4",
      "resolved": "https://registry.npmjs.org/typescript/-/typescript-4.8.4.tgz",
      "integrity": "sha512-QCh+85mCy+h0IGff8r5XWzOVSbBO+KfeYrMQh7NJ58QujwcE22u+NUSmUxqF+un70P9GXKxa2HCNiTTMJknyjQ==",
      "bin": {
        "tsc": "bin/tsc",
        "tsserver": "bin/tsserver"
      },
      "engines": {
        "node": ">=4.2.0"
      }
    }
  },
  "dependencies": {
    "@types/node": {
      "version": "18.8.5",
      "resolved": "https://registry.npmjs.org/@types/node/-/node-18.8.5.tgz",
      "integrity": "sha512-Bq7G3AErwe5A/Zki5fdD3O6+0zDChhg671NfPjtIcbtzDNZTv4NPKMRFr7gtYPG7y+B8uTiNK4Ngd9T0FTar6Q=="
    },
    "kafkajs": {
      "version": "2.2.1",
      "resolved": "https://registry.npmjs.org/kafkajs/-/kafkajs-2.2.1.tgz",
      "integrity": "sha512-f3a4TDeBx0TMIqAnSob64lE4oMOSFDjoycOHzyxISpOzPw5GT2AyX6ibfyUPpt5nTxwGkJSFRxPpidNTd/Uz9Q=="
    },
    "typescript": {
      "version": "4.8.4",
      "resolved": "https://registry.npmjs.org/typescript/-/typescript-4.8.4.tgz",
      "integrity": "sha512-QCh+85mCy+h0IGff8r5XWzOVSbBO+KfeYrMQh7NJ58QujwcE22u+NUSmUxqF+un70P9GXKxa2HCNiTTMJknyjQ=="
    }
  }
}
